
Microsoft Visual Studio Solution File, Format Version 12.00
# Visual Studio Version 17
VisualStudioVersion = 17.2.32519.379
MinimumVisualStudioVersion = 10.0.40219.1
Project("{888888A0-9F3D-457C-B088-3A5042F75D52}") = "Indeks_korduslaused", "Indeks_korduslaused.pyproj", "{3B88662B-1ED0-48B8-9FDC-98195FBA5ADD}"
EndProject
Global
	GlobalSection(SolutionConfigurationPlatforms) = preSolution
		Debug|Any CPU = Debug|Any CPU
		Release|Any CPU = Release|Any CPU
	EndGlobalSection
	GlobalSection(ProjectConfigurationPlatforms) = postSolution
		{3B88662B-1ED0-48B8-9FDC-98195FBA5ADD}.Debug|Any CPU.ActiveCfg = Debug|Any CPU
		{3B88662B-1ED0-48B8-9FDC-98195FBA5ADD}.Release|Any CPU.ActiveCfg = Release|Any CPU
	EndGlobalSection
	GlobalSection(SolutionProperties) = preSolution
		HideSolutionNode = FALSE
	EndGlobalSection
	GlobalSection(ExtensibilityGlobals) = postSolution
		SolutionGuid = {C4EDB399-2083-4D00-926A-52C7762953FF}
	EndGlobalSection
EndGlobal
